
Microsoft Visual Studio Solution File, Format Version 12.00
# Visual Studio Version 17
VisualStudioVersion = 17.0.31903.59
MinimumVisualStudioVersion = 10.0.40219.1
Project("{2150E333-8FDC-42A3-9474-1A3956D46DE8}") = "src", "src", "{827E0CD3-B72D-47B6-A68D-7590B98EB39B}"
EndProject
Project("{FAE04EC0-301F-11D3-BF4B-00C04F79EFBC}") = "Zdtllm.Cli", "src\Zdtllm.Cli\Zdtllm.Cli.csproj", "{34B868D2-2498-404F-AD7E-0C4C33732CC2}"
EndProject
Project("{FAE04EC0-301F-11D3-BF4B-00C04F79EFBC}") = "Zdtllm.Core", "src\Zdtllm.Core\Zdtllm.Core.csproj", "{995E22B8-CFD7-4076-BA21-58C6CA2B30A1}"
EndProject
Project("{FAE04EC0-301F-11D3-BF4B-00C04F79EFBC}") = "Zdtllm.Tools", "src\Zdtllm.Tools\Zdtllm.Tools.csproj", "{F5DBDC23-9C88-4EFD-99D4-5DDB4005D378}"
EndProject
Project("{FAE04EC0-301F-11D3-BF4B-00C04F79EFBC}") = "Zdtllm.Permissions", "src\Zdtllm.Permissions\Zdtllm.Permissions.csproj", "{2E048E47-51A9-420F-B105-9E5427F095B8}"
EndProject
Project("{FAE04EC0-301F-11D3-BF4B-00C04F79EFBC}") = "Zdtllm.Skills", "src\Zdtllm.Skills\Zdtllm.Skills.csproj", "{4845CC39-B369-4661-9774-AA109BE543D0}"
EndProject
Project("{FAE04EC0-301F-11D3-BF4B-00C04F79EFBC}") = "Zdtllm.Config", "src\Zdtllm.Config\Zdtllm.Config.csproj", "{6C761D71-4A83-4817-93A8-86151D412932}"
EndProject
Project("{FAE04EC0-301F-11D3-BF4B-00C04F79EFBC}") = "Zdtllm.LiteLLM", "src\Zdtllm.LiteLLM\Zdtllm.LiteLLM.csproj", "{30C07474-F923-4216-B03D-A2775F1EDB24}"
EndProject
Project("{FAE04EC0-301F-11D3-BF4B-00C04F79EFBC}") = "Zdtllm.Core.Tests", "tests\Zdtllm.Core.Tests\Zdtllm.Core.Tests.csproj", "{F973BF50-E9F9-4048-81DE-080CAE3A84D1}"
EndProject
Project("{FAE04EC0-301F-11D3-BF4B-00C04F79EFBC}") = "Zdtllm.Permissions.Tests", "tests\Zdtllm.Permissions.Tests\Zdtllm.Permissions.Tests.csproj", "{F9D0FF40-730B-4B0C-BE67-B586AE22FB8B}"
EndProject
Project("{FAE04EC0-301F-11D3-BF4B-00C04F79EFBC}") = "Zdtllm.Config.Tests", "tests\Zdtllm.Config.Tests\Zdtllm.Config.Tests.csproj", "{890CBCDA-80C4-4BB0-AEA0-00FEA1DFEC85}"
EndProject
Project("{FAE04EC0-301F-11D3-BF4B-00C04F79EFBC}") = "Zdtllm.Mcp", "src\Zdtllm.Mcp\Zdtllm.Mcp.csproj", "{389E9D89-56CA-41FF-9987-86DFC3E01770}"
EndProject
Project("{2150E333-8FDC-42A3-9474-1A3956D46DE8}") = "tests", "tests", "{0AB3BF05-4346-4AA6-1389-037BE0695223}"
EndProject
Project("{FAE04EC0-301F-11D3-BF4B-00C04F79EFBC}") = "Zdtllm.MockMcpServer", "tests\Zdtllm.MockMcpServer\Zdtllm.MockMcpServer.csproj", "{6B69759F-A93C-440D-8650-D0F8C1D6DAE2}"
EndProject
Global
	GlobalSection(SolutionConfigurationPlatforms) = preSolution
		Debug|Any CPU = Debug|Any CPU
		Debug|x64 = Debug|x64
		Debug|x86 = Debug|x86
		Release|Any CPU = Release|Any CPU
		Release|x64 = Release|x64
		Release|x86 = Release|x86
	EndGlobalSection
	GlobalSection(ProjectConfigurationPlatforms) = postSolution
		{34B868D2-2498-404F-AD7E-0C4C33732CC2}.Debug|Any CPU.ActiveCfg = Debug|Any CPU
		{34B868D2-2498-404F-AD7E-0C4C33732CC2}.Debug|Any CPU.Build.0 = Debug|Any CPU
		{34B868D2-2498-404F-AD7E-0C4C33732CC2}.Debug|x64.ActiveCfg = Debug|Any CPU
		{34B868D2-2498-404F-AD7E-0C4C33732CC2}.Debug|x64.Build.0 = Debug|Any CPU
		{34B868D2-2498-404F-AD7E-0C4C33732CC2}.Debug|x86.ActiveCfg = Debug|Any CPU
		{34B868D2-2498-404F-AD7E-0C4C33732CC2}.Debug|x86.Build.0 = Debug|Any CPU
		{34B868D2-2498-404F-AD7E-0C4C33732CC2}.Release|Any CPU.ActiveCfg = Release|Any CPU
		{34B868D2-2498-404F-AD7E-0C4C33732CC2}.Release|Any CPU.Build.0 = Release|Any CPU
		{34B868D2-2498-404F-AD7E-0C4C33732CC2}.Release|x64.ActiveCfg = Release|Any CPU
		{34B868D2-2498-404F-AD7E-0C4C33732CC2}.Release|x64.Build.0 = Release|Any CPU
		{34B868D2-2498-404F-AD7E-0C4C33732CC2}.Release|x86.ActiveCfg = Release|Any CPU
		{34B868D2-2498-404F-AD7E-0C4C33732CC2}.Release|x86.Build.0 = Release|Any CPU
		{995E22B8-CFD7-4076-BA21-58C6CA2B30A1}.Debug|Any CPU.ActiveCfg = Debug|Any CPU
		{995E22B8-CFD7-4076-BA21-58C6CA2B30A1}.Debug|Any CPU.Build.0 = Debug|Any CPU
		{995E22B8-CFD7-4076-BA21-58C6CA2B30A1}.Debug|x64.ActiveCfg = Debug|Any CPU
		{995E22B8-CFD7-4076-BA21-58C6CA2B30A1}.Debug|x64.Build.0 = Debug|Any CPU
		{995E22B8-CFD7-4076-BA21-58C6CA2B30A1}.Debug|x86.ActiveCfg = Debug|Any CPU
		{995E22B8-CFD7-4076-BA21-58C6CA2B30A1}.Debug|x86.Build.0 = Debug|Any CPU
		{995E22B8-CFD7-4076-BA21-58C6CA2B30A1}.Release|Any CPU.ActiveCfg = Release|Any CPU
		{995E22B8-CFD7-4076-BA21-58C6CA2B30A1}.Release|Any CPU.Build.0 = Release|Any CPU
		{995E22B8-CFD7-4076-BA21-58C6CA2B30A1}.Release|x64.ActiveCfg = Release|Any CPU
		{995E22B8-CFD7-4076-BA21-58C6CA2B30A1}.Release|x64.Build.0 = Release|Any CPU
		{995E22B8-CFD7-4076-BA21-58C6CA2B30A1}.Release|x86.ActiveCfg = Release|Any CPU
		{995E22B8-CFD7-4076-BA21-58C6CA2B30A1}.Release|x86.Build.0 = Release|Any CPU
		{F5DBDC23-9C88-4EFD-99D4-5DDB4005D378}.Debug|Any CPU.ActiveCfg = Debug|Any CPU
		{F5DBDC23-9C88-4EFD-99D4-5DDB4005D378}.Debug|Any CPU.Build.0 = Debug|Any CPU
		{F5DBDC23-9C88-4EFD-99D4-5DDB4005D378}.Debug|x64.ActiveCfg = Debug|Any CPU
		{F5DBDC23-9C88-4EFD-99D4-5DDB4005D378}.Debug|x64.Build.0 = Debug|Any CPU
		{F5DBDC23-9C88-4EFD-99D4-5DDB4005D378}.Debug|x86.ActiveCfg = Debug|Any CPU
		{F5DBDC23-9C88-4EFD-99D4-5DDB4005D378}.Debug|x86.Build.0 = Debug|Any CPU
		{F5DBDC23-9C88-4EFD-99D4-5DDB4005D378}.Release|Any CPU.ActiveCfg = Release|Any CPU
		{F5DBDC23-9C88-4EFD-99D4-5DDB4005D378}.Release|Any CPU.Build.0 = Release|Any CPU
		{F5DBDC23-9C88-4EFD-99D4-5DDB4005D378}.Release|x64.ActiveCfg = Release|Any CPU
		{F5DBDC23-9C88-4EFD-99D4-5DDB4005D378}.Release|x64.Build.0 = Release|Any CPU
		{F5DBDC23-9C88-4EFD-99D4-5DDB4005D378}.Release|x86.ActiveCfg = Release|Any CPU
		{F5DBDC23-9C88-4EFD-99D4-5DDB4005D378}.Release|x86.Build.0 = Release|Any CPU
		{2E048E47-51A9-420F-B105-9E5427F095B8}.Debug|Any CPU.ActiveCfg = Debug|Any CPU
		{2E048E47-51A9-420F-B105-9E5427F095B8}.Debug|Any CPU.Build.0 = Debug|Any CPU
		{2E048E47-51A9-420F-B105-9E5427F095B8}.Debug|x64.ActiveCfg = Debug|Any CPU
		{2E048E47-51A9-420F-B105-9E5427F095B8}.Debug|x64.Build.0 = Debug|Any CPU
		{2E048E47-51A9-420F-B105-9E5427F095B8}.Debug|x86.ActiveCfg = Debug|Any CPU
		{2E048E47-51A9-420F-B105-9E5427F095B8}.Debug|x86.Build.0 = Debug|Any CPU
		{2E048E47-51A9-420F-B105-9E5427F095B8}.Release|Any CPU.ActiveCfg = Release|Any CPU
		{2E048E47-51A9-420F-B105-9E5427F095B8}.Release|Any CPU.Build.0 = Release|Any CPU
		{2E048E47-51A9-420F-B105-9E5427F095B8}.Release|x64.ActiveCfg = Release|Any CPU
		{2E048E47-51A9-420F-B105-9E5427F095B8}.Release|x64.Build.0 = Release|Any CPU
		{2E048E47-51A9-420F-B105-9E5427F095B8}.Release|x86.ActiveCfg = Release|Any CPU
		{2E048E47-51A9-420F-B105-9E5427F095B8}.Release|x86.Build.0 = Release|Any CPU
		{4845CC39-B369-4661-9774-AA109BE543D0}.Debug|Any CPU.ActiveCfg = Debug|Any CPU
		{4845CC39-B369-4661-9774-AA109BE543D0}.Debug|Any CPU.Build.0 = Debug|Any CPU
		{4845CC39-B369-4661-9774-AA109BE543D0}.Debug|x64.ActiveCfg = Debug|Any CPU
		{4845CC39-B369-4661-9774-AA109BE543D0}.Debug|x64.Build.0 = Debug|Any CPU
		{4845CC39-B369-4661-9774-AA109BE543D0}.Debug|x86.ActiveCfg = Debug|Any CPU
		{4845CC39-B369-4661-9774-AA109BE543D0}.Debug|x86.Build.0 = Debug|Any CPU
		{4845CC39-B369-4661-9774-AA109BE543D0}.Release|Any CPU.ActiveCfg = Release|Any CPU
		{4845CC39-B369-4661-9774-AA109BE543D0}.Release|Any CPU.Build.0 = Release|Any CPU
		{4845CC39-B369-4661-9774-AA109BE543D0}.Release|x64.ActiveCfg = Release|Any CPU
		{4845CC39-B369-4661-9774-AA109BE543D0}.Release|x64.Build.0 = Release|Any CPU
		{4845CC39-B369-4661-9774-AA109BE543D0}.Release|x86.ActiveCfg = Release|Any CPU
		{4845CC39-B369-4661-9774-AA109BE543D0}.Release|x86.Build.0 = Release|Any CPU
		{6C761D71-4A83-4817-93A8-86151D412932}.Debug|Any CPU.ActiveCfg = Debug|Any CPU
		{6C761D71-4A83-4817-93A8-86151D412932}.Debug|Any CPU.Build.0 = Debug|Any CPU
		{6C761D71-4A83-4817-93A8-86151D412932}.Debug|x64.ActiveCfg = Debug|Any CPU
		{6C761D71-4A83-4817-93A8-86151D412932}.Debug|x64.Build.0 = Debug|Any CPU
		{6C761D71-4A83-4817-93A8-86151D412932}.Debug|x86.ActiveCfg = Debug|Any CPU
		{6C761D71-4A83-4817-93A8-86151D412932}.Debug|x86.Build.0 = Debug|Any CPU
		{6C761D71-4A83-4817-93A8-86151D412932}.Release|Any CPU.ActiveCfg = Release|Any CPU
		{6C761D71-4A83-4817-93A8-86151D412932}.Release|Any CPU.Build.0 = Release|Any CPU
		{6C761D71-4A83-4817-93A8-86151D412932}.Release|x64.ActiveCfg = Release|Any CPU
		{6C761D71-4A83-4817-93A8-86151D412932}.Release|x64.Build.0 = Release|Any CPU
		{6C761D71-4A83-4817-93A8-86151D412932}.Release|x86.ActiveCfg = Release|Any CPU
		{6C761D71-4A83-4817-93A8-86151D412932}.Release|x86.Build.0 = Release|Any CPU
		{30C07474-F923-4216-B03D-A2775F1EDB24}.Debug|Any CPU.ActiveCfg = Debug|Any CPU
		{30C07474-F923-4216-B03D-A2775F1EDB24}.Debug|Any CPU.Build.0 = Debug|Any CPU
		{30C07474-F923-4216-B03D-A2775F1EDB24}.Debug|x64.ActiveCfg = Debug|Any CPU
		{30C07474-F923-4216-B03D-A2775F1EDB24}.Debug|x64.Build.0 = Debug|Any CPU
		{30C07474-F923-4216-B03D-A2775F1EDB24}.Debug|x86.ActiveCfg = Debug|Any CPU
		{30C07474-F923-4216-B03D-A2775F1EDB24}.Debug|x86.Build.0 = Debug|Any CPU
		{30C07474-F923-4216-B03D-A2775F1EDB24}.Release|Any CPU.ActiveCfg = Release|Any CPU
		{30C07474-F923-4216-B03D-A2775F1EDB24}.Release|Any CPU.Build.0 = Release|Any CPU
		{30C07474-F923-4216-B03D-A2775F1EDB24}.Release|x64.ActiveCfg = Release|Any CPU
		{30C07474-F923-4216-B03D-A2775F1EDB24}.Release|x64.Build.0 = Release|Any CPU
		{30C07474-F923-4216-B03D-A2775F1EDB24}.Release|x86.ActiveCfg = Release|Any CPU
		{30C07474-F923-4216-B03D-A2775F1EDB24}.Release|x86.Build.0 = Release|Any CPU
		{F973BF50-E9F9-4048-81DE-080CAE3A84D1}.Debug|Any CPU.ActiveCfg = Debug|Any CPU
		{F973BF50-E9F9-4048-81DE-080CAE3A84D1}.Debug|Any CPU.Build.0 = Debug|Any CPU
		{F973BF50-E9F9-4048-81DE-080CAE3A84D1}.Debug|x64.ActiveCfg = Debug|Any CPU
		{F973BF50-E9F9-4048-81DE-080CAE3A84D1}.Debug|x64.Build.0 = Debug|Any CPU
		{F973BF50-E9F9-4048-81DE-080CAE3A84D1}.Debug|x86.ActiveCfg = Debug|Any CPU
		{F973BF50-E9F9-4048-81DE-080CAE3A84D1}.Debug|x86.Build.0 = Debug|Any CPU
		{F973BF50-E9F9-4048-81DE-080CAE3A84D1}.Release|Any CPU.ActiveCfg = Release|Any CPU
		{F973BF50-E9F9-4048-81DE-080CAE3A84D1}.Release|Any CPU.Build.0 = Release|Any CPU
		{F973BF50-E9F9-4048-81DE-080CAE3A84D1}.Release|x64.ActiveCfg = Release|Any CPU
		{F973BF50-E9F9-4048-81DE-080CAE3A84D1}.Release|x64.Build.0 = Release|Any CPU
		{F973BF50-E9F9-4048-81DE-080CAE3A84D1}.Release|x86.ActiveCfg = Release|Any CPU
		{F973BF50-E9F9-4048-81DE-080CAE3A84D1}.Release|x86.Build.0 = Release|Any CPU
		{F9D0FF40-730B-4B0C-BE67-B586AE22FB8B}.Debug|Any CPU.ActiveCfg = Debug|Any CPU
		{F9D0FF40-730B-4B0C-BE67-B586AE22FB8B}.Debug|Any CPU.Build.0 = Debug|Any CPU
		{F9D0FF40-730B-4B0C-BE67-B586AE22FB8B}.Debug|x64.ActiveCfg = Debug|Any CPU
		{F9D0FF40-730B-4B0C-BE67-B586AE22FB8B}.Debug|x64.Build.0 = Debug|Any CPU
		{F9D0FF40-730B-4B0C-BE67-B586AE22FB8B}.Debug|x86.ActiveCfg = Debug|Any CPU
		{F9D0FF40-730B-4B0C-BE67-B586AE22FB8B}.Debug|x86.Build.0 = Debug|Any CPU
		{F9D0FF40-730B-4B0C-BE67-B586AE22FB8B}.Release|Any CPU.ActiveCfg = Release|Any CPU
		{F9D0FF40-730B-4B0C-BE67-B586AE22FB8B}.Release|Any CPU.Build.0 = Release|Any CPU
		{F9D0FF40-730B-4B0C-BE67-B586AE22FB8B}.Release|x64.ActiveCfg = Release|Any CPU
		{F9D0FF40-730B-4B0C-BE67-B586AE22FB8B}.Release|x64.Build.0 = Release|Any CPU
		{F9D0FF40-730B-4B0C-BE67-B586AE22FB8B}.Release|x86.ActiveCfg = Release|Any CPU
		{F9D0FF40-730B-4B0C-BE67-B586AE22FB8B}.Release|x86.Build.0 = Release|Any CPU
		{890CBCDA-80C4-4BB0-AEA0-00FEA1DFEC85}.Debug|Any CPU.ActiveCfg = Debug|Any CPU
		{890CBCDA-80C4-4BB0-AEA0-00FEA1DFEC85}.Debug|Any CPU.Build.0 = Debug|Any CPU
		{890CBCDA-80C4-4BB0-AEA0-00FEA1DFEC85}.Debug|x64.ActiveCfg = Debug|Any CPU
		{890CBCDA-80C4-4BB0-AEA0-00FEA1DFEC85}.Debug|x64.Build.0 = Debug|Any CPU
		{890CBCDA-80C4-4BB0-AEA0-00FEA1DFEC85}.Debug|x86.ActiveCfg = Debug|Any CPU
		{890CBCDA-80C4-4BB0-AEA0-00FEA1DFEC85}.Debug|x86.Build.0 = Debug|Any CPU
		{890CBCDA-80C4-4BB0-AEA0-00FEA1DFEC85}.Release|Any CPU.ActiveCfg = Release|Any CPU
		{890CBCDA-80C4-4BB0-AEA0-00FEA1DFEC85}.Release|Any CPU.Build.0 = Release|Any CPU
		{890CBCDA-80C4-4BB0-AEA0-00FEA1DFEC85}.Release|x64.ActiveCfg = Release|Any CPU
		{890CBCDA-80C4-4BB0-AEA0-00FEA1DFEC85}.Release|x64.Build.0 = Release|Any CPU
		{890CBCDA-80C4-4BB0-AEA0-00FEA1DFEC85}.Release|x86.ActiveCfg = Release|Any CPU
		{890CBCDA-80C4-4BB0-AEA0-00FEA1DFEC85}.Release|x86.Build.0 = Release|Any CPU
		{389E9D89-56CA-41FF-9987-86DFC3E01770}.Debug|Any CPU.ActiveCfg = Debug|Any CPU
		{389E9D89-56CA-41FF-9987-86DFC3E01770}.Debug|Any CPU.Build.0 = Debug|Any CPU
		{389E9D89-56CA-41FF-9987-86DFC3E01770}.Debug|x64.ActiveCfg = Debug|Any CPU
		{389E9D89-56CA-41FF-9987-86DFC3E01770}.Debug|x64.Build.0 = Debug|Any CPU
		{389E9D89-56CA-41FF-9987-86DFC3E01770}.Debug|x86.ActiveCfg = Debug|Any CPU
		{389E9D89-56CA-41FF-9987-86DFC3E01770}.Debug|x86.Build.0 = Debug|Any CPU
		{389E9D89-56CA-41FF-9987-86DFC3E01770}.Release|Any CPU.ActiveCfg = Release|Any CPU
		{389E9D89-56CA-41FF-9987-86DFC3E01770}.Release|Any CPU.Build.0 = Release|Any CPU
		{389E9D89-56CA-41FF-9987-86DFC3E01770}.Release|x64.ActiveCfg = Release|Any CPU
		{389E9D89-56CA-41FF-9987-86DFC3E01770}.Release|x64.Build.0 = Release|Any CPU
		{389E9D89-56CA-41FF-9987-86DFC3E01770}.Release|x86.ActiveCfg = Release|Any CPU
		{389E9D89-56CA-41FF-9987-86DFC3E01770}.Release|x86.Build.0 = Release|Any CPU
		{6B69759F-A93C-440D-8650-D0F8C1D6DAE2}.Debug|Any CPU.ActiveCfg = Debug|Any CPU
		{6B69759F-A93C-440D-8650-D0F8C1D6DAE2}.Debug|Any CPU.Build.0 = Debug|Any CPU
		{6B69759F-A93C-440D-8650-D0F8C1D6DAE2}.Debug|x64.ActiveCfg = Debug|Any CPU
		{6B69759F-A93C-440D-8650-D0F8C1D6DAE2}.Debug|x64.Build.0 = Debug|Any CPU
		{6B69759F-A93C-440D-8650-D0F8C1D6DAE2}.Debug|x86.ActiveCfg = Debug|Any CPU
		{6B69759F-A93C-440D-8650-D0F8C1D6DAE2}.Debug|x86.Build.0 = Debug|Any CPU
		{6B69759F-A93C-440D-8650-D0F8C1D6DAE2}.Release|Any CPU.ActiveCfg = Release|Any CPU
		{6B69759F-A93C-440D-8650-D0F8C1D6DAE2}.Release|Any CPU.Build.0 = Release|Any CPU
		{6B69759F-A93C-440D-8650-D0F8C1D6DAE2}.Release|x64.ActiveCfg = Release|Any CPU
		{6B69759F-A93C-440D-8650-D0F8C1D6DAE2}.Release|x64.Build.0 = Release|Any CPU
		{6B69759F-A93C-440D-8650-D0F8C1D6DAE2}.Release|x86.ActiveCfg = Release|Any CPU
		{6B69759F-A93C-440D-8650-D0F8C1D6DAE2}.Release|x86.Build.0 = Release|Any CPU
	EndGlobalSection
	GlobalSection(SolutionProperties) = preSolution
		HideSolutionNode = FALSE
	EndGlobalSection
	GlobalSection(NestedProjects) = preSolution
		{34B868D2-2498-404F-AD7E-0C4C33732CC2} = {827E0CD3-B72D-47B6-A68D-7590B98EB39B}
		{995E22B8-CFD7-4076-BA21-58C6CA2B30A1} = {827E0CD3-B72D-47B6-A68D-7590B98EB39B}
		{F5DBDC23-9C88-4EFD-99D4-5DDB4005D378} = {827E0CD3-B72D-47B6-A68D-7590B98EB39B}
		{2E048E47-51A9-420F-B105-9E5427F095B8} = {827E0CD3-B72D-47B6-A68D-7590B98EB39B}
		{4845CC39-B369-4661-9774-AA109BE543D0} = {827E0CD3-B72D-47B6-A68D-7590B98EB39B}
		{6C761D71-4A83-4817-93A8-86151D412932} = {827E0CD3-B72D-47B6-A68D-7590B98EB39B}
		{30C07474-F923-4216-B03D-A2775F1EDB24} = {827E0CD3-B72D-47B6-A68D-7590B98EB39B}
		{F973BF50-E9F9-4048-81DE-080CAE3A84D1} = {827E0CD3-B72D-47B6-A68D-7590B98EB39B}
		{F9D0FF40-730B-4B0C-BE67-B586AE22FB8B} = {827E0CD3-B72D-47B6-A68D-7590B98EB39B}
		{890CBCDA-80C4-4BB0-AEA0-00FEA1DFEC85} = {827E0CD3-B72D-47B6-A68D-7590B98EB39B}
		{389E9D89-56CA-41FF-9987-86DFC3E01770} = {827E0CD3-B72D-47B6-A68D-7590B98EB39B}
		{6B69759F-A93C-440D-8650-D0F8C1D6DAE2} = {0AB3BF05-4346-4AA6-1389-037BE0695223}
	EndGlobalSection
EndGlobal
